
Microsoft Visual Studio Solution File, Format Version 12.00
# Visual Studio Version 17
VisualStudioVersion = 17.5.002.0
MinimumVisualStudioVersion = 10.0.40219.1
Project("{2150E333-8FDC-42A3-9474-1A3956D46DE8}") = "src", "src", "{D70336A3-4463-44CE-8A5D-09F420CF1761}"
EndProject
Project("{9A19103F-16F7-4668-BE54-9A1E7A4F7556}") = "minhaapi", "src\minhaapi\minhaapi.csproj", "{0D4B2910-1322-45D1-9D19-B7D73FC6A423}"
EndProject
Global
	GlobalSection(SolutionConfigurationPlatforms) = preSolution
		Debug|Any CPU = Debug|Any CPU
		Release|Any CPU = Release|Any CPU
	EndGlobalSection
	GlobalSection(ProjectConfigurationPlatforms) = postSolution
		{0D4B2910-1322-45D1-9D19-B7D73FC6A423}.Debug|Any CPU.ActiveCfg = Debug|Any CPU
		{0D4B2910-1322-45D1-9D19-B7D73FC6A423}.Debug|Any CPU.Build.0 = Debug|Any CPU
		{0D4B2910-1322-45D1-9D19-B7D73FC6A423}.Release|Any CPU.ActiveCfg = Release|Any CPU
		{0D4B2910-1322-45D1-9D19-B7D73FC6A423}.Release|Any CPU.Build.0 = Release|Any CPU
	EndGlobalSection
	GlobalSection(SolutionProperties) = preSolution
		HideSolutionNode = FALSE
	EndGlobalSection
	GlobalSection(NestedProjects) = preSolution
		{0D4B2910-1322-45D1-9D19-B7D73FC6A423} = {D70336A3-4463-44CE-8A5D-09F420CF1761}
	EndGlobalSection
	GlobalSection(ExtensibilityGlobals) = postSolution
		SolutionGuid = {735413A6-E23C-4C4D-A3E2-C717FE97187E}
	EndGlobalSection
EndGlobal
